{
  "name": "ng2-file-upload",
  "requires": true,
  "lockfileVersion": 1,
  "dependencies": {
    "@angular/common": {
      "version": "4.0.3",
      "resolved": "https://registry.npmjs.org/@angular/common/-/common-4.0.3.tgz",
      "integrity": "sha1-F0coletCXygSs6eRYrW0lNJQals=",
      "dev": true
    },
    "@angular/compiler": {
      "version": "4.0.3",
      "resolved": "https://registry.npmjs.org/@angular/compiler/-/compiler-4.0.3.tgz",
      "integrity": "sha1-izytM4rFOTKOEKakv6oFcJT3vIk=",
      "dev": true
    },
    "@angular/compiler-cli": {
      "version": "4.0.3",
      "resolved": "https://registry.npmjs.org/@angular/compiler-cli/-/compiler-cli-4.0.3.tgz",
      "integrity": "sha1-aR8oC8TWYRqI1lVfQ+VwMqDTQwA=",
      "dev": true,
      "requires": {
        "@angular/tsc-wrapped": "4.0.3",
        "minimist": "1.2.0",
        "reflect-metadata": "0.1.12"
      }
    },
    "@angular/core": {
      "version": "4.0.3",
      "resolved": "https://registry.npmjs.org/@angular/core/-/core-4.0.3.tgz",
      "integrity": "sha1-Yb4h22qld44zFZ/9OMu+uvFhINk=",
      "dev": true
    },
    "@angular/tsc-wrapped": {
      "version": "4.0.3",
      "resolved": "https://registry.npmjs.org/@angular/tsc-wrapped/-/tsc-wrapped-4.0.3.tgz",
      "integrity": "sha1-pf6mqH35w0j6pVd8NpjIo2MIJ4E=",
      "dev": true,
      "requires": {
        "tsickle": "0.21.6"
      }
    },
    "@types/estree": {
      "version": "0.0.38",
      "resolved": "https://registry.npmjs.org/@types/estree/-/estree-0.0.38.tgz",
      "integrity": "sha512-F/v7t1LwS4vnXuPooJQGBRKRGIoxWUTmA4VHfqjOccFsNDThD5bfUNpITive6s352O7o384wcpEaDV8rHCehDA==",
      "dev": true
    },
    "@types/node": {
      "version": "9.6.5",
      "resolved": "https://registry.npmjs.org/@types/node/-/node-9.6.5.tgz",
      "integrity": "sha512-NOLEgsT6UiDTjnWG5Hd2Mg25LRyz/oe8ql3wbjzgSFeRzRROhPmtlsvIrei4B46UjERF0td9SZ1ZXPLOdcrBHg==",
      "dev": true
    },
    "minimist": {
      "version": "1.2.0",
      "resolved": "https://npm.nsoft.ba/minimist/-/minimist-1.2.0.tgz",
      "integrity": "sha1-o1AIsg9BOD7sH7kU9M1d95omQoQ=",
      "dev": true
    },
    "mkdirp": {
      "version": "0.5.1",
      "resolved": "https://npm.nsoft.ba/mkdirp/-/mkdirp-0.5.1.tgz",
      "integrity": "sha1-MAV0OOrGz3+MR2fzhkjWaX11yQM=",
      "dev": true,
      "requires": {
        "minimist": "0.0.8"
      },
      "dependencies": {
        "minimist": {
          "version": "0.0.8",
          "resolved": "https://npm.nsoft.ba/minimist/-/minimist-0.0.8.tgz",
          "integrity": "sha1-hX/Kv8M5fSYluCKCYuhqp6ARsF0=",
          "dev": true
        }
      }
    },
    "reflect-metadata": {
      "version": "0.1.12",
      "resolved": "https://npm.nsoft.ba/reflect-metadata/-/reflect-metadata-0.1.12.tgz",
      "integrity": "sha512-n+IyV+nGz3+0q3/Yf1ra12KpCyi001bi4XFxSjbiWWjfqb52iTTtpGXmCCAOWWIAn9KEuFZKGqBERHmrtScZ3A==",
      "dev": true
    },
    "rollup": {
      "version": "0.58.0",
      "resolved": "https://npm.nsoft.ba/rollup/-/rollup-0.58.0.tgz",
      "integrity": "sha512-xu49WFv3R9CkXpRHxKH19PV7dV493XYkhQgIsGJfh7DGqKOp//NKoGjiCSK3reIFTX6PRGzXzQ2nPeVyXKr1Jg==",
      "dev": true,
      "requires": {
        "@types/estree": "0.0.38",
        "@types/node": "9.6.5"
      }
    },
    "rxjs": {
      "version": "5.0.3",
      "resolved": "https://npm.nsoft.ba/rxjs/-/rxjs-5.0.3.tgz",
      "integrity": "sha1-/IvfRk6/k4gSdI5BlniPOS/vl1Q=",
      "dev": true,
      "requires": {
        "symbol-observable": "1.2.0"
      }
    },
    "source-map": {
      "version": "0.5.7",
      "resolved": "https://npm.nsoft.ba/source-map/-/source-map-0.5.7.tgz",
      "integrity": "sha1-igOdLRAh0i0eoUyA2OpGi6LvP8w=",
      "dev": true
    },
    "source-map-support": {
      "version": "0.4.18",
      "resolved": "https://npm.nsoft.ba/source-map-support/-/source-map-support-0.4.18.tgz",
      "integrity": "sha512-try0/JqxPLF9nOjvSta7tVondkP5dwgyLDjVoyMDlmjugT2lRZ1OfsrYTkCd2hkDnJTKRbO/Rl3orm8vlsUzbA==",
      "dev": true,
      "requires": {
        "source-map": "0.5.7"
      }
    },
    "symbol-observable": {
      "version": "1.2.0",
      "resolved": "https://npm.nsoft.ba/symbol-observable/-/symbol-observable-1.2.0.tgz",
      "integrity": "sha512-e900nM8RRtGhlV36KGEU9k65K3mPb1WV70OdjfxlG2EAuM1noi/E/BaW/uMhL7bPEssK8QV57vN3esixjUvcXQ==",
      "dev": true
    },
    "tsickle": {
      "version": "0.21.6",
      "resolved": "https://npm.nsoft.ba/tsickle/-/tsickle-0.21.6.tgz",
      "integrity": "sha1-U7Abl5xcE/2xOvs/uVgXflmRWI0=",
      "dev": true,
      "requires": {
        "minimist": "1.2.0",
        "mkdirp": "0.5.1",
        "source-map": "0.5.7",
        "source-map-support": "0.4.18"
      }
    },
    "typescript": {
      "version": "2.3.4",
      "resolved": "https://npm.nsoft.ba/typescript/-/typescript-2.3.4.tgz",
      "integrity": "sha1-PTgyGCgjHkNPKHUUlZw3qCtin0I=",
      "dev": true
    },
    "zone.js": {
      "version": "0.8.26",
      "resolved": "https://npm.nsoft.ba/zone.js/-/zone.js-0.8.26.tgz",
      "integrity": "sha512-W9Nj+UmBJG251wkCacIkETgra4QgBo/vgoEkb4a2uoLzpQG7qF9nzwoLXWU5xj3Fg2mxGvEDh47mg24vXccYjA==",
      "dev": true
    }
  }
}
