{
  "name": "ng2-file-upload",
  "version": "2.1.16",
  "lockfileVersion": 1,
  "requires": true,
  "dependencies": {
    "@angular/common": {
      "version": "4.0.3",
      "resolved": "https://registry.npmjs.org/@angular/common/-/common-4.0.3.tgz",
      "integrity": "sha1-F0coletCXygSs6eRYrW0lNJQals=",
      "dev": true
    },
    "@angular/compiler": {
      "version": "4.0.3",
      "resolved": "https://registry.npmjs.org/@angular/compiler/-/compiler-4.0.3.tgz",
      "integrity": "sha1-izytM4rFOTKOEKakv6oFcJT3vIk=",
      "dev": true
    },
    "@angular/compiler-cli": {
      "version": "4.0.3",
      "resolved": "https://registry.npmjs.org/@angular/compiler-cli/-/compiler-cli-4.0.3.tgz",
      "integrity": "sha1-aR8oC8TWYRqI1lVfQ+VwMqDTQwA=",
      "dev": true,
      "requires": {
        "@angular/tsc-wrapped": "4.0.3",
        "minimist": "1.2.0",
        "reflect-metadata": "0.1.12"
      }
    },
    "@angular/core": {
      "version": "4.0.3",
      "resolved": "https://registry.npmjs.org/@angular/core/-/core-4.0.3.tgz",
      "integrity": "sha1-Yb4h22qld44zFZ/9OMu+uvFhINk=",
      "dev": true
    },
    "@angular/tsc-wrapped": {
      "version": "4.0.3",
      "resolved": "https://registry.npmjs.org/@angular/tsc-wrapped/-/tsc-wrapped-4.0.3.tgz",
      "integrity": "sha1-pf6mqH35w0j6pVd8NpjIo2MIJ4E=",
      "dev": true,
      "requires": {
        "tsickle": "0.21.6"
      }
    },
    "@types/estree": {
      "version": "0.0.38",
      "resolved": "https://registry.npmjs.org/@types/estree/-/estree-0.0.38.tgz",
      "integrity": "sha512-F/v7t1LwS4vnXuPooJQGBRKRGIoxWUTmA4VHfqjOccFsNDThD5bfUNpITive6s352O7o384wcpEaDV8rHCehDA==",
      "dev": true
    },
    "@types/node": {
      "version": "9.6.5",
      "resolved": "https://registry.npmjs.org/@types/node/-/node-9.6.5.tgz",
      "integrity": "sha512-NOLEgsT6UiDTjnWG5Hd2Mg25LRyz/oe8ql3wbjzgSFeRzRROhPmtlsvIrei4B46UjERF0td9SZ1ZXPLOdcrBHg==",
      "dev": true
    },
    "array-union": {
      "version": "1.0.2",
      "resolved": "https://npm.nsoft.ba/array-union/-/array-union-1.0.2.tgz",
      "integrity": "sha1-mjRBDk9OPaI96jdb5b5w8kd47Dk=",
      "dev": true,
      "requires": {
        "array-uniq": "1.0.3"
      }
    },
    "array-uniq": {
      "version": "1.0.3",
      "resolved": "https://npm.nsoft.ba/array-uniq/-/array-uniq-1.0.3.tgz",
      "integrity": "sha1-r2rId6Jcx/dOBYiUdThY39sk/bY=",
      "dev": true
    },
    "balanced-match": {
      "version": "1.0.0",
      "resolved": "https://npm.nsoft.ba/balanced-match/-/balanced-match-1.0.0.tgz",
      "integrity": "sha1-ibTRmasr7kneFk6gK4nORi1xt2c=",
      "dev": true
    },
    "brace-expansion": {
      "version": "1.1.11",
      "resolved": "https://npm.nsoft.ba/brace-expansion/-/brace-expansion-1.1.11.tgz",
      "integrity": "sha512-iCuPHDFgrHX7H2vEI/5xpz07zSHB00TpugqhmYtVmMO6518mCuRMoOYFldEBl0g187ufozdaHgWKcYFb61qGiA==",
      "dev": true,
      "requires": {
        "balanced-match": "1.0.0",
        "concat-map": "0.0.1"
      }
    },
    "concat-map": {
      "version": "0.0.1",
      "resolved": "https://npm.nsoft.ba/concat-map/-/concat-map-0.0.1.tgz",
      "integrity": "sha1-2Klr13/Wjfd5OnMDajug1UBdR3s=",
      "dev": true
    },
    "del": {
      "version": "3.0.0",
      "resolved": "https://npm.nsoft.ba/del/-/del-3.0.0.tgz",
      "integrity": "sha1-U+z2mf/LyzljdpGrE7rxYIGXZuU=",
      "dev": true,
      "requires": {
        "globby": "6.1.0",
        "is-path-cwd": "1.0.0",
        "is-path-in-cwd": "1.0.1",
        "p-map": "1.2.0",
        "pify": "3.0.0",
        "rimraf": "2.6.2"
      }
    },
    "fs.realpath": {
      "version": "1.0.0",
      "resolved": "https://npm.nsoft.ba/fs.realpath/-/fs.realpath-1.0.0.tgz",
      "integrity": "sha1-FQStJSMVjKpA20onh8sBQRmU6k8=",
      "dev": true
    },
    "glob": {
      "version": "7.1.2",
      "resolved": "https://npm.nsoft.ba/glob/-/glob-7.1.2.tgz",
      "integrity": "sha512-MJTUg1kjuLeQCJ+ccE4Vpa6kKVXkPYJ2mOCQyUuKLcLQsdrMCpBPUi8qVE6+YuaJkozeA9NusTAw3hLr8Xe5EQ==",
      "dev": true,
      "requires": {
        "fs.realpath": "1.0.0",
        "inflight": "1.0.6",
        "inherits": "2.0.3",
        "minimatch": "3.0.4",
        "once": "1.4.0",
        "path-is-absolute": "1.0.1"
      }
    },
    "globby": {
      "version": "6.1.0",
      "resolved": "https://npm.nsoft.ba/globby/-/globby-6.1.0.tgz",
      "integrity": "sha1-9abXDoOV4hyFj7BInWTfAkJNUGw=",
      "dev": true,
      "requires": {
        "array-union": "1.0.2",
        "glob": "7.1.2",
        "object-assign": "4.1.1",
        "pify": "2.3.0",
        "pinkie-promise": "2.0.2"
      },
      "dependencies": {
        "pify": {
          "version": "2.3.0",
          "resolved": "https://npm.nsoft.ba/pify/-/pify-2.3.0.tgz",
          "integrity": "sha1-7RQaasBDqEnqWISY59yosVMw6Qw=",
          "dev": true
        }
      }
    },
    "inflight": {
      "version": "1.0.6",
      "resolved": "https://npm.nsoft.ba/inflight/-/inflight-1.0.6.tgz",
      "integrity": "sha1-Sb1jMdfQLQwJvJEKEHW6gWW1bfk=",
      "dev": true,
      "requires": {
        "once": "1.4.0",
        "wrappy": "1.0.2"
      }
    },
    "inherits": {
      "version": "2.0.3",
      "resolved": "https://npm.nsoft.ba/inherits/-/inherits-2.0.3.tgz",
      "integrity": "sha1-Yzwsg+PaQqUC9SRmAiSA9CCCYd4=",
      "dev": true
    },
    "is-path-cwd": {
      "version": "1.0.0",
      "resolved": "https://npm.nsoft.ba/is-path-cwd/-/is-path-cwd-1.0.0.tgz",
      "integrity": "sha1-0iXsIxMuie3Tj9p2dHLmLmXxEG0=",
      "dev": true
    },
    "is-path-in-cwd": {
      "version": "1.0.1",
      "resolved": "https://npm.nsoft.ba/is-path-in-cwd/-/is-path-in-cwd-1.0.1.tgz",
      "integrity": "sha512-FjV1RTW48E7CWM7eE/J2NJvAEEVektecDBVBE5Hh3nM1Jd0kvhHtX68Pr3xsDf857xt3Y4AkwVULK1Vku62aaQ==",
      "dev": true,
      "requires": {
        "is-path-inside": "1.0.1"
      }
    },
    "is-path-inside": {
      "version": "1.0.1",
      "resolved": "https://npm.nsoft.ba/is-path-inside/-/is-path-inside-1.0.1.tgz",
      "integrity": "sha1-jvW33lBDej/cprToZe96pVy0gDY=",
      "dev": true,
      "requires": {
        "path-is-inside": "1.0.2"
      }
    },
    "minimatch": {
      "version": "3.0.4",
      "resolved": "https://npm.nsoft.ba/minimatch/-/minimatch-3.0.4.tgz",
      "integrity": "sha512-yJHVQEhyqPLUTgt9B83PXu6W3rx4MvvHvSUvToogpwoGDOUQ+yDrR0HRot+yOCdCO7u4hX3pWft6kWBBcqh0UA==",
      "dev": true,
      "requires": {
        "brace-expansion": "1.1.11"
      }
    },
    "minimist": {
      "version": "1.2.0",
      "resolved": "https://npm.nsoft.ba/minimist/-/minimist-1.2.0.tgz",
      "integrity": "sha1-o1AIsg9BOD7sH7kU9M1d95omQoQ=",
      "dev": true
    },
    "mkdirp": {
      "version": "0.5.1",
      "resolved": "https://npm.nsoft.ba/mkdirp/-/mkdirp-0.5.1.tgz",
      "integrity": "sha1-MAV0OOrGz3+MR2fzhkjWaX11yQM=",
      "dev": true,
      "requires": {
        "minimist": "0.0.8"
      },
      "dependencies": {
        "minimist": {
          "version": "0.0.8",
          "resolved": "https://npm.nsoft.ba/minimist/-/minimist-0.0.8.tgz",
          "integrity": "sha1-hX/Kv8M5fSYluCKCYuhqp6ARsF0=",
          "dev": true
        }
      }
    },
    "object-assign": {
      "version": "4.1.1",
      "resolved": "https://npm.nsoft.ba/object-assign/-/object-assign-4.1.1.tgz",
      "integrity": "sha1-IQmtx5ZYh8/AXLvUQsrIv7s2CGM=",
      "dev": true
    },
    "once": {
      "version": "1.4.0",
      "resolved": "https://npm.nsoft.ba/once/-/once-1.4.0.tgz",
      "integrity": "sha1-WDsap3WWHUsROsF9nFC6753Xa9E=",
      "dev": true,
      "requires": {
        "wrappy": "1.0.2"
      }
    },
    "p-map": {
      "version": "1.2.0",
      "resolved": "https://npm.nsoft.ba/p-map/-/p-map-1.2.0.tgz",
      "integrity": "sha512-r6zKACMNhjPJMTl8KcFH4li//gkrXWfbD6feV8l6doRHlzljFWGJ2AP6iKaCJXyZmAUMOPtvbW7EXkbWO/pLEA==",
      "dev": true
    },
    "path-is-absolute": {
      "version": "1.0.1",
      "resolved": "https://npm.nsoft.ba/path-is-absolute/-/path-is-absolute-1.0.1.tgz",
      "integrity": "sha1-F0uSaHNVNP+8es5r9TpanhtcX18=",
      "dev": true
    },
    "path-is-inside": {
      "version": "1.0.2",
      "resolved": "https://npm.nsoft.ba/path-is-inside/-/path-is-inside-1.0.2.tgz",
      "integrity": "sha1-NlQX3t5EQw0cEa9hAn+s8HS9/FM=",
      "dev": true
    },
    "pify": {
      "version": "3.0.0",
      "resolved": "https://npm.nsoft.ba/pify/-/pify-3.0.0.tgz",
      "integrity": "sha1-5aSs0sEB/fPZpNB/DbxNtJ3SgXY=",
      "dev": true
    },
    "pinkie": {
      "version": "2.0.5",
      "resolved": "https://npm.nsoft.ba/pinkie/-/pinkie-2.0.5.tgz",
      "integrity": "sha512-9fAxS/+I3fBLBLJpZkuUTa1nY78BDWiP4Z8NFebaBCt3NuInv31J4YrljAaktsJ5QodyQ1qyr5EdBzTITF1cxw==",
      "dev": true
    },
    "pinkie-promise": {
      "version": "2.0.2",
      "resolved": "https://npm.nsoft.ba/pinkie-promise/-/pinkie-promise-2.0.2.tgz",
      "integrity": "sha512-GqWLUZ/LAOXVNpPziRxV07Y2kT0h7rGYR2sBMT0toq4JaYw9UezW1jnzjurmrrm7D2PSGCwfJi/T1gInurqHPQ==",
      "dev": true,
      "requires": {
        "pinkie": "2.0.5"
      }
    },
    "reflect-metadata": {
      "version": "0.1.12",
      "resolved": "https://npm.nsoft.ba/reflect-metadata/-/reflect-metadata-0.1.12.tgz",
      "integrity": "sha512-n+IyV+nGz3+0q3/Yf1ra12KpCyi001bi4XFxSjbiWWjfqb52iTTtpGXmCCAOWWIAn9KEuFZKGqBERHmrtScZ3A==",
      "dev": true
    },
    "rimraf": {
      "version": "2.6.2",
      "resolved": "https://npm.nsoft.ba/rimraf/-/rimraf-2.6.2.tgz",
      "integrity": "sha512-lreewLK/BlghmxtfH36YYVg1i8IAce4TI7oao75I1g245+6BctqTVQiBP3YUJ9C6DQOXJmkYR9X9fCLtCOJc5w==",
      "dev": true,
      "requires": {
        "glob": "7.1.2"
      }
    },
    "rollup": {
      "version": "0.58.0",
      "resolved": "https://npm.nsoft.ba/rollup/-/rollup-0.58.0.tgz",
      "integrity": "sha512-xu49WFv3R9CkXpRHxKH19PV7dV493XYkhQgIsGJfh7DGqKOp//NKoGjiCSK3reIFTX6PRGzXzQ2nPeVyXKr1Jg==",
      "dev": true,
      "requires": {
        "@types/estree": "0.0.38",
        "@types/node": "9.6.5"
      }
    },
    "rxjs": {
      "version": "5.0.3",
      "resolved": "https://npm.nsoft.ba/rxjs/-/rxjs-5.0.3.tgz",
      "integrity": "sha1-/IvfRk6/k4gSdI5BlniPOS/vl1Q=",
      "dev": true,
      "requires": {
        "symbol-observable": "1.2.0"
      }
    },
    "source-map": {
      "version": "0.5.7",
      "resolved": "https://npm.nsoft.ba/source-map/-/source-map-0.5.7.tgz",
      "integrity": "sha1-igOdLRAh0i0eoUyA2OpGi6LvP8w=",
      "dev": true
    },
    "source-map-support": {
      "version": "0.4.18",
      "resolved": "https://npm.nsoft.ba/source-map-support/-/source-map-support-0.4.18.tgz",
      "integrity": "sha512-try0/JqxPLF9nOjvSta7tVondkP5dwgyLDjVoyMDlmjugT2lRZ1OfsrYTkCd2hkDnJTKRbO/Rl3orm8vlsUzbA==",
      "dev": true,
      "requires": {
        "source-map": "0.5.7"
      }
    },
    "symbol-observable": {
      "version": "1.2.0",
      "resolved": "https://npm.nsoft.ba/symbol-observable/-/symbol-observable-1.2.0.tgz",
      "integrity": "sha512-e900nM8RRtGhlV36KGEU9k65K3mPb1WV70OdjfxlG2EAuM1noi/E/BaW/uMhL7bPEssK8QV57vN3esixjUvcXQ==",
      "dev": true
    },
    "tsickle": {
      "version": "0.21.6",
      "resolved": "https://npm.nsoft.ba/tsickle/-/tsickle-0.21.6.tgz",
      "integrity": "sha1-U7Abl5xcE/2xOvs/uVgXflmRWI0=",
      "dev": true,
      "requires": {
        "minimist": "1.2.0",
        "mkdirp": "0.5.1",
        "source-map": "0.5.7",
        "source-map-support": "0.4.18"
      }
    },
    "typescript": {
      "version": "2.3.4",
      "resolved": "https://npm.nsoft.ba/typescript/-/typescript-2.3.4.tgz",
      "integrity": "sha1-PTgyGCgjHkNPKHUUlZw3qCtin0I=",
      "dev": true
    },
    "wrappy": {
      "version": "1.0.2",
      "resolved": "https://npm.nsoft.ba/wrappy/-/wrappy-1.0.2.tgz",
      "integrity": "sha1-tSQ9jz7BqjXxNkYFvA0QNuMKtp8=",
      "dev": true
    },
    "zone.js": {
      "version": "0.8.26",
      "resolved": "https://npm.nsoft.ba/zone.js/-/zone.js-0.8.26.tgz",
      "integrity": "sha512-W9Nj+UmBJG251wkCacIkETgra4QgBo/vgoEkb4a2uoLzpQG7qF9nzwoLXWU5xj3Fg2mxGvEDh47mg24vXccYjA==",
      "dev": true
    }
  }
}
